
Microsoft Visual Studio Solution File, Format Version 12.00
# Visual Studio Version 17
VisualStudioVersion = 17.11.35312.102
MinimumVisualStudioVersion = 10.0.40219.1
Project("{FAE04EC0-301F-11D3-BF4B-00C04F79EFBC}") = "Stacks-And-Queues-Lab", "Stacks-And-Queues-Lab\Stacks-And-Queues-Lab.csproj", "{E4395B2F-9ABE-4CA0-950C-3C8309600965}"
EndProject
Global
	GlobalSection(SolutionConfigurationPlatforms) = preSolution
		Debug|Any CPU = Debug|Any CPU
		Release|Any CPU = Release|Any CPU
	EndGlobalSection
	GlobalSection(ProjectConfigurationPlatforms) = postSolution
		{E4395B2F-9ABE-4CA0-950C-3C8309600965}.Debug|Any CPU.ActiveCfg = Debug|Any CPU
		{E4395B2F-9ABE-4CA0-950C-3C8309600965}.Debug|Any CPU.Build.0 = Debug|Any CPU
		{E4395B2F-9ABE-4CA0-950C-3C8309600965}.Release|Any CPU.ActiveCfg = Release|Any CPU
		{E4395B2F-9ABE-4CA0-950C-3C8309600965}.Release|Any CPU.Build.0 = Release|Any CPU
	EndGlobalSection
	GlobalSection(SolutionProperties) = preSolution
		HideSolutionNode = FALSE
	EndGlobalSection
	GlobalSection(ExtensibilityGlobals) = postSolution
		SolutionGuid = {FFFE13F4-FDB6-4A93-862D-3768E9BB8133}
	EndGlobalSection
EndGlobal
