
Microsoft Visual Studio Solution File, Format Version 12.00
# Visual Studio Version 17
VisualStudioVersion = 17.11.35312.102
MinimumVisualStudioVersion = 10.0.40219.1
Project("{9A19103F-16F7-4668-BE54-9A1E7A4F7556}") = "1-ReverseStr", "1-ReverseStr\1-ReverseStr.csproj", "{A3218A1F-2431-4958-AF07-F10EC7E00007}"
EndProject
Project("{9A19103F-16F7-4668-BE54-9A1E7A4F7556}") = "2-StackSum", "2-StackSum\2-StackSum.csproj", "{E0059A81-91DA-4EA0-A120-BC9140A4D9ED}"
EndProject
Project("{9A19103F-16F7-4668-BE54-9A1E7A4F7556}") = "3-SimpleCalc", "3-SimpleCalc\3-SimpleCalc.csproj", "{D74A587F-C1B0-43B5-B577-F46B479D6614}"
EndProject
Project("{FAE04EC0-301F-11D3-BF4B-00C04F79EFBC}") = "4-MatchBrcket", "4-MatchBrcket\4-MatchBrcket.csproj", "{6008A0E9-E2F4-4358-9405-00A3C593A2B9}"
EndProject
Project("{FAE04EC0-301F-11D3-BF4B-00C04F79EFBC}") = "6-Supermarket", "6-Supermarket\6-Supermarket.csproj", "{5D1B58A6-4B34-43FA-A774-2F4FB1E580A8}"
EndProject
Project("{FAE04EC0-301F-11D3-BF4B-00C04F79EFBC}") = "7-HotPotato", "7-HotPotato\7-HotPotato.csproj", "{08AA91A4-A6C5-4020-9F56-5F8AEEBBC08B}"
EndProject
Project("{9A19103F-16F7-4668-BE54-9A1E7A4F7556}") = "5-PrintEvenNums", "5-PrintEvenNums\5-PrintEvenNums.csproj", "{CC8BF460-996F-4381-BF28-8B1F79831FC2}"
EndProject
Global
	GlobalSection(SolutionConfigurationPlatforms) = preSolution
		Debug|Any CPU = Debug|Any CPU
		Release|Any CPU = Release|Any CPU
	EndGlobalSection
	GlobalSection(ProjectConfigurationPlatforms) = postSolution
		{A3218A1F-2431-4958-AF07-F10EC7E00007}.Debug|Any CPU.ActiveCfg = Debug|Any CPU
		{A3218A1F-2431-4958-AF07-F10EC7E00007}.Debug|Any CPU.Build.0 = Debug|Any CPU
		{A3218A1F-2431-4958-AF07-F10EC7E00007}.Release|Any CPU.ActiveCfg = Release|Any CPU
		{A3218A1F-2431-4958-AF07-F10EC7E00007}.Release|Any CPU.Build.0 = Release|Any CPU
		{E0059A81-91DA-4EA0-A120-BC9140A4D9ED}.Debug|Any CPU.ActiveCfg = Debug|Any CPU
		{E0059A81-91DA-4EA0-A120-BC9140A4D9ED}.Debug|Any CPU.Build.0 = Debug|Any CPU
		{E0059A81-91DA-4EA0-A120-BC9140A4D9ED}.Release|Any CPU.ActiveCfg = Release|Any CPU
		{E0059A81-91DA-4EA0-A120-BC9140A4D9ED}.Release|Any CPU.Build.0 = Release|Any CPU
		{D74A587F-C1B0-43B5-B577-F46B479D6614}.Debug|Any CPU.ActiveCfg = Debug|Any CPU
		{D74A587F-C1B0-43B5-B577-F46B479D6614}.Debug|Any CPU.Build.0 = Debug|Any CPU
		{D74A587F-C1B0-43B5-B577-F46B479D6614}.Release|Any CPU.ActiveCfg = Release|Any CPU
		{D74A587F-C1B0-43B5-B577-F46B479D6614}.Release|Any CPU.Build.0 = Release|Any CPU
		{6008A0E9-E2F4-4358-9405-00A3C593A2B9}.Debug|Any CPU.ActiveCfg = Debug|Any CPU
		{6008A0E9-E2F4-4358-9405-00A3C593A2B9}.Debug|Any CPU.Build.0 = Debug|Any CPU
		{6008A0E9-E2F4-4358-9405-00A3C593A2B9}.Release|Any CPU.ActiveCfg = Release|Any CPU
		{6008A0E9-E2F4-4358-9405-00A3C593A2B9}.Release|Any CPU.Build.0 = Release|Any CPU
		{5D1B58A6-4B34-43FA-A774-2F4FB1E580A8}.Debug|Any CPU.ActiveCfg = Debug|Any CPU
		{5D1B58A6-4B34-43FA-A774-2F4FB1E580A8}.Debug|Any CPU.Build.0 = Debug|Any CPU
		{5D1B58A6-4B34-43FA-A774-2F4FB1E580A8}.Release|Any CPU.ActiveCfg = Release|Any CPU
		{5D1B58A6-4B34-43FA-A774-2F4FB1E580A8}.Release|Any CPU.Build.0 = Release|Any CPU
		{08AA91A4-A6C5-4020-9F56-5F8AEEBBC08B}.Debug|Any CPU.ActiveCfg = Debug|Any CPU
		{08AA91A4-A6C5-4020-9F56-5F8AEEBBC08B}.Debug|Any CPU.Build.0 = Debug|Any CPU
		{08AA91A4-A6C5-4020-9F56-5F8AEEBBC08B}.Release|Any CPU.ActiveCfg = Release|Any CPU
		{08AA91A4-A6C5-4020-9F56-5F8AEEBBC08B}.Release|Any CPU.Build.0 = Release|Any CPU
		{CC8BF460-996F-4381-BF28-8B1F79831FC2}.Debug|Any CPU.ActiveCfg = Debug|Any CPU
		{CC8BF460-996F-4381-BF28-8B1F79831FC2}.Debug|Any CPU.Build.0 = Debug|Any CPU
		{CC8BF460-996F-4381-BF28-8B1F79831FC2}.Release|Any CPU.ActiveCfg = Release|Any CPU
		{CC8BF460-996F-4381-BF28-8B1F79831FC2}.Release|Any CPU.Build.0 = Release|Any CPU
	EndGlobalSection
	GlobalSection(SolutionProperties) = preSolution
		HideSolutionNode = FALSE
	EndGlobalSection
	GlobalSection(ExtensibilityGlobals) = postSolution
		SolutionGuid = {FFFE13F4-FDB6-4A93-862D-3768E9BB8133}
	EndGlobalSection
EndGlobal
